
Microsoft Visual Studio Solution File, Format Version 12.00
# Visual Studio Version 17
VisualStudioVersion = 17.9.34723.18
MinimumVisualStudioVersion = 10.0.40219.1
Project("{FAE04EC0-301F-11D3-BF4B-00C04F79EFBC}") = "Web2", "Web2\Web2.csproj", "{D854A4ED-4232-4803-AAC5-D3806069F42B}"
EndProject
Global
	GlobalSection(SolutionConfigurationPlatforms) = preSolution
		Debug|Any CPU = Debug|Any CPU
		Release|Any CPU = Release|Any CPU
	EndGlobalSection
	GlobalSection(ProjectConfigurationPlatforms) = postSolution
		{D854A4ED-4232-4803-AAC5-D3806069F42B}.Debug|Any CPU.ActiveCfg = Debug|Any CPU
		{D854A4ED-4232-4803-AAC5-D3806069F42B}.Debug|Any CPU.Build.0 = Debug|Any CPU
		{D854A4ED-4232-4803-AAC5-D3806069F42B}.Release|Any CPU.ActiveCfg = Release|Any CPU
		{D854A4ED-4232-4803-AAC5-D3806069F42B}.Release|Any CPU.Build.0 = Release|Any CPU
	EndGlobalSection
	GlobalSection(SolutionProperties) = preSolution
		HideSolutionNode = FALSE
	EndGlobalSection
	GlobalSection(ExtensibilityGlobals) = postSolution
		SolutionGuid = {0F2D60ED-807D-4233-866A-1E40AAB5BABC}
	EndGlobalSection
EndGlobal
